
Microsoft Visual Studio Solution File, Format Version 12.00
# Visual Studio Version 18
VisualStudioVersion = 18.2.11415.280
MinimumVisualStudioVersion = 10.0.40219.1
Project("{2150E333-8FDC-42A3-9474-1A3956D46DE8}") = "Libraries", "Libraries", "{A1B2C3D4-0001-0000-0000-000000000001}"
EndProject
Project("{2150E333-8FDC-42A3-9474-1A3956D46DE8}") = "Apps", "Apps", "{A1B2C3D4-0002-0000-0000-000000000001}"
EndProject
Project("{2150E333-8FDC-42A3-9474-1A3956D46DE8}") = "UI", "UI", "{A1B2C3D4-0003-0000-0000-000000000001}"
EndProject
Project("{2150E333-8FDC-42A3-9474-1A3956D46DE8}") = "_RechnerPlus", "_RechnerPlus", "{A1B2C3D4-1001-0000-0000-000000000001}"
EndProject
Project("{2150E333-8FDC-42A3-9474-1A3956D46DE8}") = "_ZeitManager", "_ZeitManager", "{A1B2C3D4-2001-0000-0000-000000000001}"
EndProject
Project("{2150E333-8FDC-42A3-9474-1A3956D46DE8}") = "_FinanzRechner", "_FinanzRechner", "{A1B2C3D4-3001-0000-0000-000000000001}"
EndProject
Project("{2150E333-8FDC-42A3-9474-1A3956D46DE8}") = "_HandwerkerRechner", "_HandwerkerRechner", "{A1B2C3D4-4001-0000-0000-000000000001}"
EndProject
Project("{FAE04EC0-301F-11D3-BF4B-00C04F79EFBC}") = "MeineApps.CalcLib", "src\Libraries\MeineApps.CalcLib\MeineApps.CalcLib.csproj", "{B1000001-0000-0000-0000-000000000001}"
EndProject
Project("{FAE04EC0-301F-11D3-BF4B-00C04F79EFBC}") = "MeineApps.Core.Ava", "src\Libraries\MeineApps.Core.Ava\MeineApps.Core.Ava.csproj", "{B1000002-0000-0000-0000-000000000001}"
EndProject
Project("{FAE04EC0-301F-11D3-BF4B-00C04F79EFBC}") = "MeineApps.Core.Premium.Ava", "src\Libraries\MeineApps.Core.Premium.Ava\MeineApps.Core.Premium.Ava.csproj", "{B1000004-0000-0000-0000-000000000001}"
EndProject
Project("{FAE04EC0-301F-11D3-BF4B-00C04F79EFBC}") = "MeineApps.UI", "src\UI\MeineApps.UI\MeineApps.UI.csproj", "{B1000003-0000-0000-0000-000000000001}"
EndProject
Project("{FAE04EC0-301F-11D3-BF4B-00C04F79EFBC}") = "RechnerPlus.Shared", "src\Apps\RechnerPlus\RechnerPlus.Shared\RechnerPlus.Shared.csproj", "{C1000001-0000-0000-0000-000000000001}"
EndProject
Project("{FAE04EC0-301F-11D3-BF4B-00C04F79EFBC}") = "RechnerPlus.Android", "src\Apps\RechnerPlus\RechnerPlus.Android\RechnerPlus.Android.csproj", "{C1000002-0000-0000-0000-000000000001}"
EndProject
Project("{FAE04EC0-301F-11D3-BF4B-00C04F79EFBC}") = "RechnerPlus.Desktop", "src\Apps\RechnerPlus\RechnerPlus.Desktop\RechnerPlus.Desktop.csproj", "{C1000003-0000-0000-0000-000000000001}"
EndProject
Project("{FAE04EC0-301F-11D3-BF4B-00C04F79EFBC}") = "ZeitManager.Shared", "src\Apps\ZeitManager\ZeitManager.Shared\ZeitManager.Shared.csproj", "{C2000001-0000-0000-0000-000000000001}"
EndProject
Project("{FAE04EC0-301F-11D3-BF4B-00C04F79EFBC}") = "ZeitManager.Android", "src\Apps\ZeitManager\ZeitManager.Android\ZeitManager.Android.csproj", "{C2000002-0000-0000-0000-000000000001}"
EndProject
Project("{FAE04EC0-301F-11D3-BF4B-00C04F79EFBC}") = "ZeitManager.Desktop", "src\Apps\ZeitManager\ZeitManager.Desktop\ZeitManager.Desktop.csproj", "{C2000003-0000-0000-0000-000000000001}"
EndProject
Project("{FAE04EC0-301F-11D3-BF4B-00C04F79EFBC}") = "FinanzRechner.Shared", "src\Apps\FinanzRechner\FinanzRechner.Shared\FinanzRechner.Shared.csproj", "{C3000001-0000-0000-0000-000000000001}"
EndProject
Project("{FAE04EC0-301F-11D3-BF4B-00C04F79EFBC}") = "FinanzRechner.Android", "src\Apps\FinanzRechner\FinanzRechner.Android\FinanzRechner.Android.csproj", "{C3000002-0000-0000-0000-000000000001}"
EndProject
Project("{FAE04EC0-301F-11D3-BF4B-00C04F79EFBC}") = "FinanzRechner.Desktop", "src\Apps\FinanzRechner\FinanzRechner.Desktop\FinanzRechner.Desktop.csproj", "{C3000003-0000-0000-0000-000000000001}"
EndProject
Project("{FAE04EC0-301F-11D3-BF4B-00C04F79EFBC}") = "HandwerkerRechner.Shared", "src\Apps\HandwerkerRechner\HandwerkerRechner.Shared\HandwerkerRechner.Shared.csproj", "{C4000001-0000-0000-0000-000000000001}"
EndProject
Project("{FAE04EC0-301F-11D3-BF4B-00C04F79EFBC}") = "HandwerkerRechner.Android", "src\Apps\HandwerkerRechner\HandwerkerRechner.Android\HandwerkerRechner.Android.csproj", "{C4000002-0000-0000-0000-000000000001}"
EndProject
Project("{FAE04EC0-301F-11D3-BF4B-00C04F79EFBC}") = "HandwerkerRechner.Desktop", "src\Apps\HandwerkerRechner\HandwerkerRechner.Desktop\HandwerkerRechner.Desktop.csproj", "{C4000003-0000-0000-0000-000000000001}"
EndProject
Project("{2150E333-8FDC-42A3-9474-1A3956D46DE8}") = "_FitnessRechner", "_FitnessRechner", "{A1B2C3D4-5001-0000-0000-000000000001}"
EndProject
Project("{FAE04EC0-301F-11D3-BF4B-00C04F79EFBC}") = "FitnessRechner.Shared", "src\Apps\FitnessRechner\FitnessRechner.Shared\FitnessRechner.Shared.csproj", "{20F9C04F-53B8-4AE0-9550-DA72213C35EA}"
EndProject
Project("{FAE04EC0-301F-11D3-BF4B-00C04F79EFBC}") = "FitnessRechner.Desktop", "src\Apps\FitnessRechner\FitnessRechner.Desktop\FitnessRechner.Desktop.csproj", "{81365CDB-EB28-4930-8F1D-CB25B8117AF1}"
EndProject
Project("{FAE04EC0-301F-11D3-BF4B-00C04F79EFBC}") = "FitnessRechner.Android", "src\Apps\FitnessRechner\FitnessRechner.Android\FitnessRechner.Android.csproj", "{CD73C57C-C46A-470F-B2C9-703C6388AC36}"
EndProject
Project("{2150E333-8FDC-42A3-9474-1A3956D46DE8}") = "_HandwerkerImperium", "_HandwerkerImperium", "{A1B2C3D4-6001-0000-0000-000000000001}"
EndProject
Project("{FAE04EC0-301F-11D3-BF4B-00C04F79EFBC}") = "HandwerkerImperium.Shared", "src\Apps\HandwerkerImperium\HandwerkerImperium.Shared\HandwerkerImperium.Shared.csproj", "{C6000001-0000-0000-0000-000000000001}"
EndProject
Project("{FAE04EC0-301F-11D3-BF4B-00C04F79EFBC}") = "HandwerkerImperium.Android", "src\Apps\HandwerkerImperium\HandwerkerImperium.Android\HandwerkerImperium.Android.csproj", "{C6000002-0000-0000-0000-000000000001}"
EndProject
Project("{FAE04EC0-301F-11D3-BF4B-00C04F79EFBC}") = "HandwerkerImperium.Desktop", "src\Apps\HandwerkerImperium\HandwerkerImperium.Desktop\HandwerkerImperium.Desktop.csproj", "{C6000003-0000-0000-0000-000000000001}"
EndProject
Project("{2150E333-8FDC-42A3-9474-1A3956D46DE8}") = "_WorkTimePro", "_WorkTimePro", "{A1B2C3D4-7001-0000-0000-000000000001}"
EndProject
Project("{FAE04EC0-301F-11D3-BF4B-00C04F79EFBC}") = "WorkTimePro.Shared", "src\Apps\WorkTimePro\WorkTimePro.Shared\WorkTimePro.Shared.csproj", "{C7000001-0000-0000-0000-000000000001}"
EndProject
Project("{FAE04EC0-301F-11D3-BF4B-00C04F79EFBC}") = "WorkTimePro.Android", "src\Apps\WorkTimePro\WorkTimePro.Android\WorkTimePro.Android.csproj", "{C7000002-0000-0000-0000-000000000001}"
EndProject
Project("{FAE04EC0-301F-11D3-BF4B-00C04F79EFBC}") = "WorkTimePro.Desktop", "src\Apps\WorkTimePro\WorkTimePro.Desktop\WorkTimePro.Desktop.csproj", "{C7000003-0000-0000-0000-000000000001}"
EndProject
Project("{2150E333-8FDC-42A3-9474-1A3956D46DE8}") = "_BomberBlast", "_BomberBlast", "{3BF06301-3239-54F7-30C7-AC05575DA22E}"
EndProject
Project("{FAE04EC0-301F-11D3-BF4B-00C04F79EFBC}") = "BomberBlast.Shared", "src\Apps\BomberBlast\BomberBlast.Shared\BomberBlast.Shared.csproj", "{40C43126-E202-42E3-B7E3-932DBB669728}"
EndProject
Project("{FAE04EC0-301F-11D3-BF4B-00C04F79EFBC}") = "BomberBlast.Desktop", "src\Apps\BomberBlast\BomberBlast.Desktop\BomberBlast.Desktop.csproj", "{970C2D9D-297C-446F-BE93-31C8190773F2}"
EndProject
Project("{FAE04EC0-301F-11D3-BF4B-00C04F79EFBC}") = "BomberBlast.Android", "src\Apps\BomberBlast\BomberBlast.Android\BomberBlast.Android.csproj", "{FB13B34D-A682-48BE-8CA3-77FDBE431602}"
EndProject
Project("{2150E333-8FDC-42A3-9474-1A3956D46DE8}") = "tools", "tools", "{07C2787E-EAC7-C090-1BA3-A61EC2A24D84}"
EndProject
Project("{FAE04EC0-301F-11D3-BF4B-00C04F79EFBC}") = "SocialPostGenerator", "tools\SocialPostGenerator\SocialPostGenerator.csproj", "{47CED905-C254-4DC0-8A81-FA741F87945F}"
EndProject
Global
	GlobalSection(SolutionConfigurationPlatforms) = preSolution
		Debug|Any CPU = Debug|Any CPU
		Debug|x64 = Debug|x64
		Debug|x86 = Debug|x86
		Release|Any CPU = Release|Any CPU
		Release|x64 = Release|x64
		Release|x86 = Release|x86
	EndGlobalSection
	GlobalSection(ProjectConfigurationPlatforms) = postSolution
		{B1000001-0000-0000-0000-000000000001}.Debug|Any CPU.ActiveCfg = Debug|Any CPU
		{B1000001-0000-0000-0000-000000000001}.Debug|Any CPU.Build.0 = Debug|Any CPU
		{B1000001-0000-0000-0000-000000000001}.Debug|x64.ActiveCfg = Debug|Any CPU
		{B1000001-0000-0000-0000-000000000001}.Debug|x64.Build.0 = Debug|Any CPU
		{B1000001-0000-0000-0000-000000000001}.Debug|x86.ActiveCfg = Debug|Any CPU
		{B1000001-0000-0000-0000-000000000001}.Debug|x86.Build.0 = Debug|Any CPU
		{B1000001-0000-0000-0000-000000000001}.Release|Any CPU.ActiveCfg = Release|Any CPU
		{B1000001-0000-0000-0000-000000000001}.Release|Any CPU.Build.0 = Release|Any CPU
		{B1000001-0000-0000-0000-000000000001}.Release|x64.ActiveCfg = Release|Any CPU
		{B1000001-0000-0000-0000-000000000001}.Release|x64.Build.0 = Release|Any CPU
		{B1000001-0000-0000-0000-000000000001}.Release|x86.ActiveCfg = Release|Any CPU
		{B1000001-0000-0000-0000-000000000001}.Release|x86.Build.0 = Release|Any CPU
		{B1000002-0000-0000-0000-000000000001}.Debug|Any CPU.ActiveCfg = Debug|Any CPU
		{B1000002-0000-0000-0000-000000000001}.Debug|Any CPU.Build.0 = Debug|Any CPU
		{B1000002-0000-0000-0000-000000000001}.Debug|x64.ActiveCfg = Debug|Any CPU
		{B1000002-0000-0000-0000-000000000001}.Debug|x64.Build.0 = Debug|Any CPU
		{B1000002-0000-0000-0000-000000000001}.Debug|x86.ActiveCfg = Debug|Any CPU
		{B1000002-0000-0000-0000-000000000001}.Debug|x86.Build.0 = Debug|Any CPU
		{B1000002-0000-0000-0000-000000000001}.Release|Any CPU.ActiveCfg = Release|Any CPU
		{B1000002-0000-0000-0000-000000000001}.Release|Any CPU.Build.0 = Release|Any CPU
		{B1000002-0000-0000-0000-000000000001}.Release|x64.ActiveCfg = Release|Any CPU
		{B1000002-0000-0000-0000-000000000001}.Release|x64.Build.0 = Release|Any CPU
		{B1000002-0000-0000-0000-000000000001}.Release|x86.ActiveCfg = Release|Any CPU
		{B1000002-0000-0000-0000-000000000001}.Release|x86.Build.0 = Release|Any CPU
		{B1000004-0000-0000-0000-000000000001}.Debug|Any CPU.ActiveCfg = Debug|Any CPU
		{B1000004-0000-0000-0000-000000000001}.Debug|Any CPU.Build.0 = Debug|Any CPU
		{B1000004-0000-0000-0000-000000000001}.Debug|x64.ActiveCfg = Debug|Any CPU
		{B1000004-0000-0000-0000-000000000001}.Debug|x64.Build.0 = Debug|Any CPU
		{B1000004-0000-0000-0000-000000000001}.Debug|x86.ActiveCfg = Debug|Any CPU
		{B1000004-0000-0000-0000-000000000001}.Debug|x86.Build.0 = Debug|Any CPU
		{B1000004-0000-0000-0000-000000000001}.Release|Any CPU.ActiveCfg = Release|Any CPU
		{B1000004-0000-0000-0000-000000000001}.Release|Any CPU.Build.0 = Release|Any CPU
		{B1000004-0000-0000-0000-000000000001}.Release|x64.ActiveCfg = Release|Any CPU
		{B1000004-0000-0000-0000-000000000001}.Release|x64.Build.0 = Release|Any CPU
		{B1000004-0000-0000-0000-000000000001}.Release|x86.ActiveCfg = Release|Any CPU
		{B1000004-0000-0000-0000-000000000001}.Release|x86.Build.0 = Release|Any CPU
		{B1000003-0000-0000-0000-000000000001}.Debug|Any CPU.ActiveCfg = Debug|Any CPU
		{B1000003-0000-0000-0000-000000000001}.Debug|Any CPU.Build.0 = Debug|Any CPU
		{B1000003-0000-0000-0000-000000000001}.Debug|x64.ActiveCfg = Debug|Any CPU
		{B1000003-0000-0000-0000-000000000001}.Debug|x64.Build.0 = Debug|Any CPU
		{B1000003-0000-0000-0000-000000000001}.Debug|x86.ActiveCfg = Debug|Any CPU
		{B1000003-0000-0000-0000-000000000001}.Debug|x86.Build.0 = Debug|Any CPU
		{B1000003-0000-0000-0000-000000000001}.Release|Any CPU.ActiveCfg = Release|Any CPU
		{B1000003-0000-0000-0000-000000000001}.Release|Any CPU.Build.0 = Release|Any CPU
		{B1000003-0000-0000-0000-000000000001}.Release|x64.ActiveCfg = Release|Any CPU
		{B1000003-0000-0000-0000-000000000001}.Release|x64.Build.0 = Release|Any CPU
		{B1000003-0000-0000-0000-000000000001}.Release|x86.ActiveCfg = Release|Any CPU
		{B1000003-0000-0000-0000-000000000001}.Release|x86.Build.0 = Release|Any CPU
		{C1000001-0000-0000-0000-000000000001}.Debug|Any CPU.ActiveCfg = Debug|Any CPU
		{C1000001-0000-0000-0000-000000000001}.Debug|Any CPU.Build.0 = Debug|Any CPU
		{C1000001-0000-0000-0000-000000000001}.Debug|x64.ActiveCfg = Debug|Any CPU
		{C1000001-0000-0000-0000-000000000001}.Debug|x64.Build.0 = Debug|Any CPU
		{C1000001-0000-0000-0000-000000000001}.Debug|x86.ActiveCfg = Debug|Any CPU
		{C1000001-0000-0000-0000-000000000001}.Debug|x86.Build.0 = Debug|Any CPU
		{C1000001-0000-0000-0000-000000000001}.Release|Any CPU.ActiveCfg = Release|Any CPU
		{C1000001-0000-0000-0000-000000000001}.Release|Any CPU.Build.0 = Release|Any CPU
		{C1000001-0000-0000-0000-000000000001}.Release|x64.ActiveCfg = Release|Any CPU
		{C1000001-0000-0000-0000-000000000001}.Release|x64.Build.0 = Release|Any CPU
		{C1000001-0000-0000-0000-000000000001}.Release|x86.ActiveCfg = Release|Any CPU
		{C1000001-0000-0000-0000-000000000001}.Release|x86.Build.0 = Release|Any CPU
		{C1000002-0000-0000-0000-000000000001}.Debug|Any CPU.ActiveCfg = Debug|Any CPU
		{C1000002-0000-0000-0000-000000000001}.Debug|Any CPU.Build.0 = Debug|Any CPU
		{C1000002-0000-0000-0000-000000000001}.Debug|Any CPU.Deploy.0 = Debug|Any CPU
		{C1000002-0000-0000-0000-000000000001}.Debug|x64.ActiveCfg = Debug|Any CPU
		{C1000002-0000-0000-0000-000000000001}.Debug|x64.Build.0 = Debug|Any CPU
		{C1000002-0000-0000-0000-000000000001}.Debug|x86.ActiveCfg = Debug|Any CPU
		{C1000002-0000-0000-0000-000000000001}.Debug|x86.Build.0 = Debug|Any CPU
		{C1000002-0000-0000-0000-000000000001}.Release|Any CPU.ActiveCfg = Release|Any CPU
		{C1000002-0000-0000-0000-000000000001}.Release|Any CPU.Build.0 = Release|Any CPU
		{C1000002-0000-0000-0000-000000000001}.Release|Any CPU.Deploy.0 = Release|Any CPU
		{C1000002-0000-0000-0000-000000000001}.Release|x64.ActiveCfg = Release|Any CPU
		{C1000002-0000-0000-0000-000000000001}.Release|x64.Build.0 = Release|Any CPU
		{C1000002-0000-0000-0000-000000000001}.Release|x86.ActiveCfg = Release|Any CPU
		{C1000002-0000-0000-0000-000000000001}.Release|x86.Build.0 = Release|Any CPU
		{C1000003-0000-0000-0000-000000000001}.Debug|Any CPU.ActiveCfg = Debug|Any CPU
		{C1000003-0000-0000-0000-000000000001}.Debug|Any CPU.Build.0 = Debug|Any CPU
		{C1000003-0000-0000-0000-000000000001}.Debug|x64.ActiveCfg = Debug|Any CPU
		{C1000003-0000-0000-0000-000000000001}.Debug|x64.Build.0 = Debug|Any CPU
		{C1000003-0000-0000-0000-000000000001}.Debug|x86.ActiveCfg = Debug|Any CPU
		{C1000003-0000-0000-0000-000000000001}.Debug|x86.Build.0 = Debug|Any CPU
		{C1000003-0000-0000-0000-000000000001}.Release|Any CPU.ActiveCfg = Release|Any CPU
		{C1000003-0000-0000-0000-000000000001}.Release|Any CPU.Build.0 = Release|Any CPU
		{C1000003-0000-0000-0000-000000000001}.Release|x64.ActiveCfg = Release|Any CPU
		{C1000003-0000-0000-0000-000000000001}.Release|x64.Build.0 = Release|Any CPU
		{C1000003-0000-0000-0000-000000000001}.Release|x86.ActiveCfg = Release|Any CPU
		{C1000003-0000-0000-0000-000000000001}.Release|x86.Build.0 = Release|Any CPU
		{C2000001-0000-0000-0000-000000000001}.Debug|Any CPU.ActiveCfg = Debug|Any CPU
		{C2000001-0000-0000-0000-000000000001}.Debug|Any CPU.Build.0 = Debug|Any CPU
		{C2000001-0000-0000-0000-000000000001}.Debug|x64.ActiveCfg = Debug|Any CPU
		{C2000001-0000-0000-0000-000000000001}.Debug|x64.Build.0 = Debug|Any CPU
		{C2000001-0000-0000-0000-000000000001}.Debug|x86.ActiveCfg = Debug|Any CPU
		{C2000001-0000-0000-0000-000000000001}.Debug|x86.Build.0 = Debug|Any CPU
		{C2000001-0000-0000-0000-000000000001}.Release|Any CPU.ActiveCfg = Release|Any CPU
		{C2000001-0000-0000-0000-000000000001}.Release|Any CPU.Build.0 = Release|Any CPU
		{C2000001-0000-0000-0000-000000000001}.Release|x64.ActiveCfg = Release|Any CPU
		{C2000001-0000-0000-0000-000000000001}.Release|x64.Build.0 = Release|Any CPU
		{C2000001-0000-0000-0000-000000000001}.Release|x86.ActiveCfg = Release|Any CPU
		{C2000001-0000-0000-0000-000000000001}.Release|x86.Build.0 = Release|Any CPU
		{C2000002-0000-0000-0000-000000000001}.Debug|Any CPU.ActiveCfg = Debug|Any CPU
		{C2000002-0000-0000-0000-000000000001}.Debug|Any CPU.Build.0 = Debug|Any CPU
		{C2000002-0000-0000-0000-000000000001}.Debug|Any CPU.Deploy.0 = Debug|Any CPU
		{C2000002-0000-0000-0000-000000000001}.Debug|x64.ActiveCfg = Debug|Any CPU
		{C2000002-0000-0000-0000-000000000001}.Debug|x64.Build.0 = Debug|Any CPU
		{C2000002-0000-0000-0000-000000000001}.Debug|x86.ActiveCfg = Debug|Any CPU
		{C2000002-0000-0000-0000-000000000001}.Debug|x86.Build.0 = Debug|Any CPU
		{C2000002-0000-0000-0000-000000000001}.Release|Any CPU.ActiveCfg = Release|Any CPU
		{C2000002-0000-0000-0000-000000000001}.Release|Any CPU.Build.0 = Release|Any CPU
		{C2000002-0000-0000-0000-000000000001}.Release|Any CPU.Deploy.0 = Release|Any CPU
		{C2000002-0000-0000-0000-000000000001}.Release|x64.ActiveCfg = Release|Any CPU
		{C2000002-0000-0000-0000-000000000001}.Release|x64.Build.0 = Release|Any CPU
		{C2000002-0000-0000-0000-000000000001}.Release|x86.ActiveCfg = Release|Any CPU
		{C2000002-0000-0000-0000-000000000001}.Release|x86.Build.0 = Release|Any CPU
		{C2000003-0000-0000-0000-000000000001}.Debug|Any CPU.ActiveCfg = Debug|Any CPU
		{C2000003-0000-0000-0000-000000000001}.Debug|Any CPU.Build.0 = Debug|Any CPU
		{C2000003-0000-0000-0000-000000000001}.Debug|x64.ActiveCfg = Debug|Any CPU
		{C2000003-0000-0000-0000-000000000001}.Debug|x64.Build.0 = Debug|Any CPU
		{C2000003-0000-0000-0000-000000000001}.Debug|x86.ActiveCfg = Debug|Any CPU
		{C2000003-0000-0000-0000-000000000001}.Debug|x86.Build.0 = Debug|Any CPU
		{C2000003-0000-0000-0000-000000000001}.Release|Any CPU.ActiveCfg = Release|Any CPU
		{C2000003-0000-0000-0000-000000000001}.Release|Any CPU.Build.0 = Release|Any CPU
		{C2000003-0000-0000-0000-000000000001}.Release|x64.ActiveCfg = Release|Any CPU
		{C2000003-0000-0000-0000-000000000001}.Release|x64.Build.0 = Release|Any CPU
		{C2000003-0000-0000-0000-000000000001}.Release|x86.ActiveCfg = Release|Any CPU
		{C2000003-0000-0000-0000-000000000001}.Release|x86.Build.0 = Release|Any CPU
		{C3000001-0000-0000-0000-000000000001}.Debug|Any CPU.ActiveCfg = Debug|Any CPU
		{C3000001-0000-0000-0000-000000000001}.Debug|Any CPU.Build.0 = Debug|Any CPU
		{C3000001-0000-0000-0000-000000000001}.Debug|x64.ActiveCfg = Debug|Any CPU
		{C3000001-0000-0000-0000-000000000001}.Debug|x64.Build.0 = Debug|Any CPU
		{C3000001-0000-0000-0000-000000000001}.Debug|x86.ActiveCfg = Debug|Any CPU
		{C3000001-0000-0000-0000-000000000001}.Debug|x86.Build.0 = Debug|Any CPU
		{C3000001-0000-0000-0000-000000000001}.Release|Any CPU.ActiveCfg = Release|Any CPU
		{C3000001-0000-0000-0000-000000000001}.Release|Any CPU.Build.0 = Release|Any CPU
		{C3000001-0000-0000-0000-000000000001}.Release|x64.ActiveCfg = Release|Any CPU
		{C3000001-0000-0000-0000-000000000001}.Release|x64.Build.0 = Release|Any CPU
		{C3000001-0000-0000-0000-000000000001}.Release|x86.ActiveCfg = Release|Any CPU
		{C3000001-0000-0000-0000-000000000001}.Release|x86.Build.0 = Release|Any CPU
		{C3000002-0000-0000-0000-000000000001}.Debug|Any CPU.ActiveCfg = Debug|Any CPU
		{C3000002-0000-0000-0000-000000000001}.Debug|Any CPU.Build.0 = Debug|Any CPU
		{C3000002-0000-0000-0000-000000000001}.Debug|Any CPU.Deploy.0 = Debug|Any CPU
		{C3000002-0000-0000-0000-000000000001}.Debug|x64.ActiveCfg = Debug|Any CPU
		{C3000002-0000-0000-0000-000000000001}.Debug|x64.Build.0 = Debug|Any CPU
		{C3000002-0000-0000-0000-000000000001}.Debug|x86.ActiveCfg = Debug|Any CPU
		{C3000002-0000-0000-0000-000000000001}.Debug|x86.Build.0 = Debug|Any CPU
		{C3000002-0000-0000-0000-000000000001}.Release|Any CPU.ActiveCfg = Release|Any CPU
		{C3000002-0000-0000-0000-000000000001}.Release|Any CPU.Build.0 = Release|Any CPU
		{C3000002-0000-0000-0000-000000000001}.Release|Any CPU.Deploy.0 = Release|Any CPU
		{C3000002-0000-0000-0000-000000000001}.Release|x64.ActiveCfg = Release|Any CPU
		{C3000002-0000-0000-0000-000000000001}.Release|x64.Build.0 = Release|Any CPU
		{C3000002-0000-0000-0000-000000000001}.Release|x86.ActiveCfg = Release|Any CPU
		{C3000002-0000-0000-0000-000000000001}.Release|x86.Build.0 = Release|Any CPU
		{C3000003-0000-0000-0000-000000000001}.Debug|Any CPU.ActiveCfg = Debug|Any CPU
		{C3000003-0000-0000-0000-000000000001}.Debug|Any CPU.Build.0 = Debug|Any CPU
		{C3000003-0000-0000-0000-000000000001}.Debug|x64.ActiveCfg = Debug|Any CPU
		{C3000003-0000-0000-0000-000000000001}.Debug|x64.Build.0 = Debug|Any CPU
		{C3000003-0000-0000-0000-000000000001}.Debug|x86.ActiveCfg = Debug|Any CPU
		{C3000003-0000-0000-0000-000000000001}.Debug|x86.Build.0 = Debug|Any CPU
		{C3000003-0000-0000-0000-000000000001}.Release|Any CPU.ActiveCfg = Release|Any CPU
		{C3000003-0000-0000-0000-000000000001}.Release|Any CPU.Build.0 = Release|Any CPU
		{C3000003-0000-0000-0000-000000000001}.Release|x64.ActiveCfg = Release|Any CPU
		{C3000003-0000-0000-0000-000000000001}.Release|x64.Build.0 = Release|Any CPU
		{C3000003-0000-0000-0000-000000000001}.Release|x86.ActiveCfg = Release|Any CPU
		{C3000003-0000-0000-0000-000000000001}.Release|x86.Build.0 = Release|Any CPU
		{C4000001-0000-0000-0000-000000000001}.Debug|Any CPU.ActiveCfg = Debug|Any CPU
		{C4000001-0000-0000-0000-000000000001}.Debug|Any CPU.Build.0 = Debug|Any CPU
		{C4000001-0000-0000-0000-000000000001}.Debug|x64.ActiveCfg = Debug|Any CPU
		{C4000001-0000-0000-0000-000000000001}.Debug|x64.Build.0 = Debug|Any CPU
		{C4000001-0000-0000-0000-000000000001}.Debug|x86.ActiveCfg = Debug|Any CPU
		{C4000001-0000-0000-0000-000000000001}.Debug|x86.Build.0 = Debug|Any CPU
		{C4000001-0000-0000-0000-000000000001}.Release|Any CPU.ActiveCfg = Release|Any CPU
		{C4000001-0000-0000-0000-000000000001}.Release|Any CPU.Build.0 = Release|Any CPU
		{C4000001-0000-0000-0000-000000000001}.Release|x64.ActiveCfg = Release|Any CPU
		{C4000001-0000-0000-0000-000000000001}.Release|x64.Build.0 = Release|Any CPU
		{C4000001-0000-0000-0000-000000000001}.Release|x86.ActiveCfg = Release|Any CPU
		{C4000001-0000-0000-0000-000000000001}.Release|x86.Build.0 = Release|Any CPU
		{C4000002-0000-0000-0000-000000000001}.Debug|Any CPU.ActiveCfg = Debug|Any CPU
		{C4000002-0000-0000-0000-000000000001}.Debug|Any CPU.Build.0 = Debug|Any CPU
		{C4000002-0000-0000-0000-000000000001}.Debug|Any CPU.Deploy.0 = Debug|Any CPU
		{C4000002-0000-0000-0000-000000000001}.Debug|x64.ActiveCfg = Debug|Any CPU
		{C4000002-0000-0000-0000-000000000001}.Debug|x64.Build.0 = Debug|Any CPU
		{C4000002-0000-0000-0000-000000000001}.Debug|x86.ActiveCfg = Debug|Any CPU
		{C4000002-0000-0000-0000-000000000001}.Debug|x86.Build.0 = Debug|Any CPU
		{C4000002-0000-0000-0000-000000000001}.Release|Any CPU.ActiveCfg = Release|Any CPU
		{C4000002-0000-0000-0000-000000000001}.Release|Any CPU.Build.0 = Release|Any CPU
		{C4000002-0000-0000-0000-000000000001}.Release|Any CPU.Deploy.0 = Release|Any CPU
		{C4000002-0000-0000-0000-000000000001}.Release|x64.ActiveCfg = Release|Any CPU
		{C4000002-0000-0000-0000-000000000001}.Release|x64.Build.0 = Release|Any CPU
		{C4000002-0000-0000-0000-000000000001}.Release|x86.ActiveCfg = Release|Any CPU
		{C4000002-0000-0000-0000-000000000001}.Release|x86.Build.0 = Release|Any CPU
		{C4000003-0000-0000-0000-000000000001}.Debug|Any CPU.ActiveCfg = Debug|Any CPU
		{C4000003-0000-0000-0000-000000000001}.Debug|Any CPU.Build.0 = Debug|Any CPU
		{C4000003-0000-0000-0000-000000000001}.Debug|x64.ActiveCfg = Debug|Any CPU
		{C4000003-0000-0000-0000-000000000001}.Debug|x64.Build.0 = Debug|Any CPU
		{C4000003-0000-0000-0000-000000000001}.Debug|x86.ActiveCfg = Debug|Any CPU
		{C4000003-0000-0000-0000-000000000001}.Debug|x86.Build.0 = Debug|Any CPU
		{C4000003-0000-0000-0000-000000000001}.Release|Any CPU.ActiveCfg = Release|Any CPU
		{C4000003-0000-0000-0000-000000000001}.Release|Any CPU.Build.0 = Release|Any CPU
		{C4000003-0000-0000-0000-000000000001}.Release|x64.ActiveCfg = Release|Any CPU
		{C4000003-0000-0000-0000-000000000001}.Release|x64.Build.0 = Release|Any CPU
		{C4000003-0000-0000-0000-000000000001}.Release|x86.ActiveCfg = Release|Any CPU
		{C4000003-0000-0000-0000-000000000001}.Release|x86.Build.0 = Release|Any CPU
		{20F9C04F-53B8-4AE0-9550-DA72213C35EA}.Debug|Any CPU.ActiveCfg = Debug|Any CPU
		{20F9C04F-53B8-4AE0-9550-DA72213C35EA}.Debug|Any CPU.Build.0 = Debug|Any CPU
		{20F9C04F-53B8-4AE0-9550-DA72213C35EA}.Debug|x64.ActiveCfg = Debug|Any CPU
		{20F9C04F-53B8-4AE0-9550-DA72213C35EA}.Debug|x64.Build.0 = Debug|Any CPU
		{20F9C04F-53B8-4AE0-9550-DA72213C35EA}.Debug|x86.ActiveCfg = Debug|Any CPU
		{20F9C04F-53B8-4AE0-9550-DA72213C35EA}.Debug|x86.Build.0 = Debug|Any CPU
		{20F9C04F-53B8-4AE0-9550-DA72213C35EA}.Release|Any CPU.ActiveCfg = Release|Any CPU
		{20F9C04F-53B8-4AE0-9550-DA72213C35EA}.Release|Any CPU.Build.0 = Release|Any CPU
		{20F9C04F-53B8-4AE0-9550-DA72213C35EA}.Release|x64.ActiveCfg = Release|Any CPU
		{20F9C04F-53B8-4AE0-9550-DA72213C35EA}.Release|x64.Build.0 = Release|Any CPU
		{20F9C04F-53B8-4AE0-9550-DA72213C35EA}.Release|x86.ActiveCfg = Release|Any CPU
		{20F9C04F-53B8-4AE0-9550-DA72213C35EA}.Release|x86.Build.0 = Release|Any CPU
		{81365CDB-EB28-4930-8F1D-CB25B8117AF1}.Debug|Any CPU.ActiveCfg = Debug|Any CPU
		{81365CDB-EB28-4930-8F1D-CB25B8117AF1}.Debug|Any CPU.Build.0 = Debug|Any CPU
		{81365CDB-EB28-4930-8F1D-CB25B8117AF1}.Debug|x64.ActiveCfg = Debug|Any CPU
		{81365CDB-EB28-4930-8F1D-CB25B8117AF1}.Debug|x64.Build.0 = Debug|Any CPU
		{81365CDB-EB28-4930-8F1D-CB25B8117AF1}.Debug|x86.ActiveCfg = Debug|Any CPU
		{81365CDB-EB28-4930-8F1D-CB25B8117AF1}.Debug|x86.Build.0 = Debug|Any CPU
		{81365CDB-EB28-4930-8F1D-CB25B8117AF1}.Release|Any CPU.ActiveCfg = Release|Any CPU
		{81365CDB-EB28-4930-8F1D-CB25B8117AF1}.Release|Any CPU.Build.0 = Release|Any CPU
		{81365CDB-EB28-4930-8F1D-CB25B8117AF1}.Release|x64.ActiveCfg = Release|Any CPU
		{81365CDB-EB28-4930-8F1D-CB25B8117AF1}.Release|x64.Build.0 = Release|Any CPU
		{81365CDB-EB28-4930-8F1D-CB25B8117AF1}.Release|x86.ActiveCfg = Release|Any CPU
		{81365CDB-EB28-4930-8F1D-CB25B8117AF1}.Release|x86.Build.0 = Release|Any CPU
		{CD73C57C-C46A-470F-B2C9-703C6388AC36}.Debug|Any CPU.ActiveCfg = Debug|Any CPU
		{CD73C57C-C46A-470F-B2C9-703C6388AC36}.Debug|Any CPU.Build.0 = Debug|Any CPU
		{CD73C57C-C46A-470F-B2C9-703C6388AC36}.Debug|Any CPU.Deploy.0 = Debug|Any CPU
		{CD73C57C-C46A-470F-B2C9-703C6388AC36}.Debug|x64.ActiveCfg = Debug|Any CPU
		{CD73C57C-C46A-470F-B2C9-703C6388AC36}.Debug|x64.Build.0 = Debug|Any CPU
		{CD73C57C-C46A-470F-B2C9-703C6388AC36}.Debug|x86.ActiveCfg = Debug|Any CPU
		{CD73C57C-C46A-470F-B2C9-703C6388AC36}.Debug|x86.Build.0 = Debug|Any CPU
		{CD73C57C-C46A-470F-B2C9-703C6388AC36}.Release|Any CPU.ActiveCfg = Release|Any CPU
		{CD73C57C-C46A-470F-B2C9-703C6388AC36}.Release|Any CPU.Build.0 = Release|Any CPU
		{CD73C57C-C46A-470F-B2C9-703C6388AC36}.Release|Any CPU.Deploy.0 = Release|Any CPU
		{CD73C57C-C46A-470F-B2C9-703C6388AC36}.Release|x64.ActiveCfg = Release|Any CPU
		{CD73C57C-C46A-470F-B2C9-703C6388AC36}.Release|x64.Build.0 = Release|Any CPU
		{CD73C57C-C46A-470F-B2C9-703C6388AC36}.Release|x86.ActiveCfg = Release|Any CPU
		{CD73C57C-C46A-470F-B2C9-703C6388AC36}.Release|x86.Build.0 = Release|Any CPU
		{C6000001-0000-0000-0000-000000000001}.Debug|Any CPU.ActiveCfg = Debug|Any CPU
		{C6000001-0000-0000-0000-000000000001}.Debug|Any CPU.Build.0 = Debug|Any CPU
		{C6000001-0000-0000-0000-000000000001}.Debug|x64.ActiveCfg = Debug|Any CPU
		{C6000001-0000-0000-0000-000000000001}.Debug|x64.Build.0 = Debug|Any CPU
		{C6000001-0000-0000-0000-000000000001}.Debug|x86.ActiveCfg = Debug|Any CPU
		{C6000001-0000-0000-0000-000000000001}.Debug|x86.Build.0 = Debug|Any CPU
		{C6000001-0000-0000-0000-000000000001}.Release|Any CPU.ActiveCfg = Release|Any CPU
		{C6000001-0000-0000-0000-000000000001}.Release|Any CPU.Build.0 = Release|Any CPU
		{C6000001-0000-0000-0000-000000000001}.Release|x64.ActiveCfg = Release|Any CPU
		{C6000001-0000-0000-0000-000000000001}.Release|x64.Build.0 = Release|Any CPU
		{C6000001-0000-0000-0000-000000000001}.Release|x86.ActiveCfg = Release|Any CPU
		{C6000001-0000-0000-0000-000000000001}.Release|x86.Build.0 = Release|Any CPU
		{C6000002-0000-0000-0000-000000000001}.Debug|Any CPU.ActiveCfg = Debug|Any CPU
		{C6000002-0000-0000-0000-000000000001}.Debug|Any CPU.Build.0 = Debug|Any CPU
		{C6000002-0000-0000-0000-000000000001}.Debug|Any CPU.Deploy.0 = Debug|Any CPU
		{C6000002-0000-0000-0000-000000000001}.Debug|x64.ActiveCfg = Debug|Any CPU
		{C6000002-0000-0000-0000-000000000001}.Debug|x64.Build.0 = Debug|Any CPU
		{C6000002-0000-0000-0000-000000000001}.Debug|x86.ActiveCfg = Debug|Any CPU
		{C6000002-0000-0000-0000-000000000001}.Debug|x86.Build.0 = Debug|Any CPU
		{C6000002-0000-0000-0000-000000000001}.Release|Any CPU.ActiveCfg = Release|Any CPU
		{C6000002-0000-0000-0000-000000000001}.Release|Any CPU.Build.0 = Release|Any CPU
		{C6000002-0000-0000-0000-000000000001}.Release|Any CPU.Deploy.0 = Release|Any CPU
		{C6000002-0000-0000-0000-000000000001}.Release|x64.ActiveCfg = Release|Any CPU
		{C6000002-0000-0000-0000-000000000001}.Release|x64.Build.0 = Release|Any CPU
		{C6000002-0000-0000-0000-000000000001}.Release|x86.ActiveCfg = Release|Any CPU
		{C6000002-0000-0000-0000-000000000001}.Release|x86.Build.0 = Release|Any CPU
		{C6000003-0000-0000-0000-000000000001}.Debug|Any CPU.ActiveCfg = Debug|Any CPU
		{C6000003-0000-0000-0000-000000000001}.Debug|Any CPU.Build.0 = Debug|Any CPU
		{C6000003-0000-0000-0000-000000000001}.Debug|x64.ActiveCfg = Debug|Any CPU
		{C6000003-0000-0000-0000-000000000001}.Debug|x64.Build.0 = Debug|Any CPU
		{C6000003-0000-0000-0000-000000000001}.Debug|x86.ActiveCfg = Debug|Any CPU
		{C6000003-0000-0000-0000-000000000001}.Debug|x86.Build.0 = Debug|Any CPU
		{C6000003-0000-0000-0000-000000000001}.Release|Any CPU.ActiveCfg = Release|Any CPU
		{C6000003-0000-0000-0000-000000000001}.Release|Any CPU.Build.0 = Release|Any CPU
		{C6000003-0000-0000-0000-000000000001}.Release|x64.ActiveCfg = Release|Any CPU
		{C6000003-0000-0000-0000-000000000001}.Release|x64.Build.0 = Release|Any CPU
		{C6000003-0000-0000-0000-000000000001}.Release|x86.ActiveCfg = Release|Any CPU
		{C6000003-0000-0000-0000-000000000001}.Release|x86.Build.0 = Release|Any CPU
		{C7000001-0000-0000-0000-000000000001}.Debug|Any CPU.ActiveCfg = Debug|Any CPU
		{C7000001-0000-0000-0000-000000000001}.Debug|Any CPU.Build.0 = Debug|Any CPU
		{C7000001-0000-0000-0000-000000000001}.Debug|x64.ActiveCfg = Debug|Any CPU
		{C7000001-0000-0000-0000-000000000001}.Debug|x64.Build.0 = Debug|Any CPU
		{C7000001-0000-0000-0000-000000000001}.Debug|x86.ActiveCfg = Debug|Any CPU
		{C7000001-0000-0000-0000-000000000001}.Debug|x86.Build.0 = Debug|Any CPU
		{C7000001-0000-0000-0000-000000000001}.Release|Any CPU.ActiveCfg = Release|Any CPU
		{C7000001-0000-0000-0000-000000000001}.Release|Any CPU.Build.0 = Release|Any CPU
		{C7000001-0000-0000-0000-000000000001}.Release|x64.ActiveCfg = Release|Any CPU
		{C7000001-0000-0000-0000-000000000001}.Release|x64.Build.0 = Release|Any CPU
		{C7000001-0000-0000-0000-000000000001}.Release|x86.ActiveCfg = Release|Any CPU
		{C7000001-0000-0000-0000-000000000001}.Release|x86.Build.0 = Release|Any CPU
		{C7000002-0000-0000-0000-000000000001}.Debug|Any CPU.ActiveCfg = Debug|Any CPU
		{C7000002-0000-0000-0000-000000000001}.Debug|Any CPU.Build.0 = Debug|Any CPU
		{C7000002-0000-0000-0000-000000000001}.Debug|Any CPU.Deploy.0 = Debug|Any CPU
		{C7000002-0000-0000-0000-000000000001}.Debug|x64.ActiveCfg = Debug|Any CPU
		{C7000002-0000-0000-0000-000000000001}.Debug|x64.Build.0 = Debug|Any CPU
		{C7000002-0000-0000-0000-000000000001}.Debug|x86.ActiveCfg = Debug|Any CPU
		{C7000002-0000-0000-0000-000000000001}.Debug|x86.Build.0 = Debug|Any CPU
		{C7000002-0000-0000-0000-000000000001}.Release|Any CPU.ActiveCfg = Release|Any CPU
		{C7000002-0000-0000-0000-000000000001}.Release|Any CPU.Build.0 = Release|Any CPU
		{C7000002-0000-0000-0000-000000000001}.Release|Any CPU.Deploy.0 = Release|Any CPU
		{C7000002-0000-0000-0000-000000000001}.Release|x64.ActiveCfg = Release|Any CPU
		{C7000002-0000-0000-0000-000000000001}.Release|x64.Build.0 = Release|Any CPU
		{C7000002-0000-0000-0000-000000000001}.Release|x86.ActiveCfg = Release|Any CPU
		{C7000002-0000-0000-0000-000000000001}.Release|x86.Build.0 = Release|Any CPU
		{C7000003-0000-0000-0000-000000000001}.Debug|Any CPU.ActiveCfg = Debug|Any CPU
		{C7000003-0000-0000-0000-000000000001}.Debug|Any CPU.Build.0 = Debug|Any CPU
		{C7000003-0000-0000-0000-000000000001}.Debug|x64.ActiveCfg = Debug|Any CPU
		{C7000003-0000-0000-0000-000000000001}.Debug|x64.Build.0 = Debug|Any CPU
		{C7000003-0000-0000-0000-000000000001}.Debug|x86.ActiveCfg = Debug|Any CPU
		{C7000003-0000-0000-0000-000000000001}.Debug|x86.Build.0 = Debug|Any CPU
		{C7000003-0000-0000-0000-000000000001}.Release|Any CPU.ActiveCfg = Release|Any CPU
		{C7000003-0000-0000-0000-000000000001}.Release|Any CPU.Build.0 = Release|Any CPU
		{C7000003-0000-0000-0000-000000000001}.Release|x64.ActiveCfg = Release|Any CPU
		{C7000003-0000-0000-0000-000000000001}.Release|x64.Build.0 = Release|Any CPU
		{C7000003-0000-0000-0000-000000000001}.Release|x86.ActiveCfg = Release|Any CPU
		{C7000003-0000-0000-0000-000000000001}.Release|x86.Build.0 = Release|Any CPU
		{40C43126-E202-42E3-B7E3-932DBB669728}.Debug|Any CPU.ActiveCfg = Debug|Any CPU
		{40C43126-E202-42E3-B7E3-932DBB669728}.Debug|Any CPU.Build.0 = Debug|Any CPU
		{40C43126-E202-42E3-B7E3-932DBB669728}.Debug|x64.ActiveCfg = Debug|Any CPU
		{40C43126-E202-42E3-B7E3-932DBB669728}.Debug|x64.Build.0 = Debug|Any CPU
		{40C43126-E202-42E3-B7E3-932DBB669728}.Debug|x86.ActiveCfg = Debug|Any CPU
		{40C43126-E202-42E3-B7E3-932DBB669728}.Debug|x86.Build.0 = Debug|Any CPU
		{40C43126-E202-42E3-B7E3-932DBB669728}.Release|Any CPU.ActiveCfg = Release|Any CPU
		{40C43126-E202-42E3-B7E3-932DBB669728}.Release|Any CPU.Build.0 = Release|Any CPU
		{40C43126-E202-42E3-B7E3-932DBB669728}.Release|x64.ActiveCfg = Release|Any CPU
		{40C43126-E202-42E3-B7E3-932DBB669728}.Release|x64.Build.0 = Release|Any CPU
		{40C43126-E202-42E3-B7E3-932DBB669728}.Release|x86.ActiveCfg = Release|Any CPU
		{40C43126-E202-42E3-B7E3-932DBB669728}.Release|x86.Build.0 = Release|Any CPU
		{970C2D9D-297C-446F-BE93-31C8190773F2}.Debug|Any CPU.ActiveCfg = Debug|Any CPU
		{970C2D9D-297C-446F-BE93-31C8190773F2}.Debug|Any CPU.Build.0 = Debug|Any CPU
		{970C2D9D-297C-446F-BE93-31C8190773F2}.Debug|x64.ActiveCfg = Debug|Any CPU
		{970C2D9D-297C-446F-BE93-31C8190773F2}.Debug|x64.Build.0 = Debug|Any CPU
		{970C2D9D-297C-446F-BE93-31C8190773F2}.Debug|x86.ActiveCfg = Debug|Any CPU
		{970C2D9D-297C-446F-BE93-31C8190773F2}.Debug|x86.Build.0 = Debug|Any CPU
		{970C2D9D-297C-446F-BE93-31C8190773F2}.Release|Any CPU.ActiveCfg = Release|Any CPU
		{970C2D9D-297C-446F-BE93-31C8190773F2}.Release|Any CPU.Build.0 = Release|Any CPU
		{970C2D9D-297C-446F-BE93-31C8190773F2}.Release|x64.ActiveCfg = Release|Any CPU
		{970C2D9D-297C-446F-BE93-31C8190773F2}.Release|x64.Build.0 = Release|Any CPU
		{970C2D9D-297C-446F-BE93-31C8190773F2}.Release|x86.ActiveCfg = Release|Any CPU
		{970C2D9D-297C-446F-BE93-31C8190773F2}.Release|x86.Build.0 = Release|Any CPU
		{FB13B34D-A682-48BE-8CA3-77FDBE431602}.Debug|Any CPU.ActiveCfg = Debug|Any CPU
		{FB13B34D-A682-48BE-8CA3-77FDBE431602}.Debug|Any CPU.Build.0 = Debug|Any CPU
		{FB13B34D-A682-48BE-8CA3-77FDBE431602}.Debug|Any CPU.Deploy.0 = Debug|Any CPU
		{FB13B34D-A682-48BE-8CA3-77FDBE431602}.Debug|x64.ActiveCfg = Debug|Any CPU
		{FB13B34D-A682-48BE-8CA3-77FDBE431602}.Debug|x64.Build.0 = Debug|Any CPU
		{FB13B34D-A682-48BE-8CA3-77FDBE431602}.Debug|x86.ActiveCfg = Debug|Any CPU
		{FB13B34D-A682-48BE-8CA3-77FDBE431602}.Debug|x86.Build.0 = Debug|Any CPU
		{FB13B34D-A682-48BE-8CA3-77FDBE431602}.Release|Any CPU.ActiveCfg = Release|Any CPU
		{FB13B34D-A682-48BE-8CA3-77FDBE431602}.Release|Any CPU.Build.0 = Release|Any CPU
		{FB13B34D-A682-48BE-8CA3-77FDBE431602}.Release|Any CPU.Deploy.0 = Release|Any CPU
		{FB13B34D-A682-48BE-8CA3-77FDBE431602}.Release|x64.ActiveCfg = Release|Any CPU
		{FB13B34D-A682-48BE-8CA3-77FDBE431602}.Release|x64.Build.0 = Release|Any CPU
		{FB13B34D-A682-48BE-8CA3-77FDBE431602}.Release|x86.ActiveCfg = Release|Any CPU
		{FB13B34D-A682-48BE-8CA3-77FDBE431602}.Release|x86.Build.0 = Release|Any CPU
		{47CED905-C254-4DC0-8A81-FA741F87945F}.Debug|Any CPU.ActiveCfg = Debug|Any CPU
		{47CED905-C254-4DC0-8A81-FA741F87945F}.Debug|Any CPU.Build.0 = Debug|Any CPU
		{47CED905-C254-4DC0-8A81-FA741F87945F}.Debug|x64.ActiveCfg = Debug|Any CPU
		{47CED905-C254-4DC0-8A81-FA741F87945F}.Debug|x64.Build.0 = Debug|Any CPU
		{47CED905-C254-4DC0-8A81-FA741F87945F}.Debug|x86.ActiveCfg = Debug|Any CPU
		{47CED905-C254-4DC0-8A81-FA741F87945F}.Debug|x86.Build.0 = Debug|Any CPU
		{47CED905-C254-4DC0-8A81-FA741F87945F}.Release|Any CPU.ActiveCfg = Release|Any CPU
		{47CED905-C254-4DC0-8A81-FA741F87945F}.Release|Any CPU.Build.0 = Release|Any CPU
		{47CED905-C254-4DC0-8A81-FA741F87945F}.Release|x64.ActiveCfg = Release|Any CPU
		{47CED905-C254-4DC0-8A81-FA741F87945F}.Release|x64.Build.0 = Release|Any CPU
		{47CED905-C254-4DC0-8A81-FA741F87945F}.Release|x86.ActiveCfg = Release|Any CPU
		{47CED905-C254-4DC0-8A81-FA741F87945F}.Release|x86.Build.0 = Release|Any CPU
	EndGlobalSection
	GlobalSection(SolutionProperties) = preSolution
		HideSolutionNode = FALSE
	EndGlobalSection
	GlobalSection(NestedProjects) = preSolution
		{A1B2C3D4-1001-0000-0000-000000000001} = {A1B2C3D4-0002-0000-0000-000000000001}
		{A1B2C3D4-2001-0000-0000-000000000001} = {A1B2C3D4-0002-0000-0000-000000000001}
		{A1B2C3D4-3001-0000-0000-000000000001} = {A1B2C3D4-0002-0000-0000-000000000001}
		{A1B2C3D4-4001-0000-0000-000000000001} = {A1B2C3D4-0002-0000-0000-000000000001}
		{B1000001-0000-0000-0000-000000000001} = {A1B2C3D4-0001-0000-0000-000000000001}
		{B1000002-0000-0000-0000-000000000001} = {A1B2C3D4-0001-0000-0000-000000000001}
		{B1000004-0000-0000-0000-000000000001} = {A1B2C3D4-0001-0000-0000-000000000001}
		{B1000003-0000-0000-0000-000000000001} = {A1B2C3D4-0003-0000-0000-000000000001}
		{C1000001-0000-0000-0000-000000000001} = {A1B2C3D4-1001-0000-0000-000000000001}
		{C1000002-0000-0000-0000-000000000001} = {A1B2C3D4-1001-0000-0000-000000000001}
		{C1000003-0000-0000-0000-000000000001} = {A1B2C3D4-1001-0000-0000-000000000001}
		{C2000001-0000-0000-0000-000000000001} = {A1B2C3D4-2001-0000-0000-000000000001}
		{C2000002-0000-0000-0000-000000000001} = {A1B2C3D4-2001-0000-0000-000000000001}
		{C2000003-0000-0000-0000-000000000001} = {A1B2C3D4-2001-0000-0000-000000000001}
		{C3000001-0000-0000-0000-000000000001} = {A1B2C3D4-3001-0000-0000-000000000001}
		{C3000002-0000-0000-0000-000000000001} = {A1B2C3D4-3001-0000-0000-000000000001}
		{C3000003-0000-0000-0000-000000000001} = {A1B2C3D4-3001-0000-0000-000000000001}
		{C4000001-0000-0000-0000-000000000001} = {A1B2C3D4-4001-0000-0000-000000000001}
		{C4000002-0000-0000-0000-000000000001} = {A1B2C3D4-4001-0000-0000-000000000001}
		{C4000003-0000-0000-0000-000000000001} = {A1B2C3D4-4001-0000-0000-000000000001}
		{A1B2C3D4-5001-0000-0000-000000000001} = {A1B2C3D4-0002-0000-0000-000000000001}
		{20F9C04F-53B8-4AE0-9550-DA72213C35EA} = {A1B2C3D4-5001-0000-0000-000000000001}
		{81365CDB-EB28-4930-8F1D-CB25B8117AF1} = {A1B2C3D4-5001-0000-0000-000000000001}
		{CD73C57C-C46A-470F-B2C9-703C6388AC36} = {A1B2C3D4-5001-0000-0000-000000000001}
		{A1B2C3D4-6001-0000-0000-000000000001} = {A1B2C3D4-0002-0000-0000-000000000001}
		{C6000001-0000-0000-0000-000000000001} = {A1B2C3D4-6001-0000-0000-000000000001}
		{C6000002-0000-0000-0000-000000000001} = {A1B2C3D4-6001-0000-0000-000000000001}
		{C6000003-0000-0000-0000-000000000001} = {A1B2C3D4-6001-0000-0000-000000000001}
		{A1B2C3D4-7001-0000-0000-000000000001} = {A1B2C3D4-0002-0000-0000-000000000001}
		{C7000001-0000-0000-0000-000000000001} = {A1B2C3D4-7001-0000-0000-000000000001}
		{C7000002-0000-0000-0000-000000000001} = {A1B2C3D4-7001-0000-0000-000000000001}
		{C7000003-0000-0000-0000-000000000001} = {A1B2C3D4-7001-0000-0000-000000000001}
		{3BF06301-3239-54F7-30C7-AC05575DA22E} = {A1B2C3D4-0002-0000-0000-000000000001}
		{40C43126-E202-42E3-B7E3-932DBB669728} = {3BF06301-3239-54F7-30C7-AC05575DA22E}
		{970C2D9D-297C-446F-BE93-31C8190773F2} = {3BF06301-3239-54F7-30C7-AC05575DA22E}
		{FB13B34D-A682-48BE-8CA3-77FDBE431602} = {3BF06301-3239-54F7-30C7-AC05575DA22E}
		{47CED905-C254-4DC0-8A81-FA741F87945F} = {07C2787E-EAC7-C090-1BA3-A61EC2A24D84}
	EndGlobalSection
	GlobalSection(ExtensibilityGlobals) = postSolution
		SolutionGuid = {EAAEA93B-578B-49A5-AAF0-F6B6A6D6CD31}
	EndGlobalSection
EndGlobal
